
Microsoft Visual Studio Solution File, Format Version 12.00
# Visual Studio Version 17
VisualStudioVersion = 17.7.34031.279
MinimumVisualStudioVersion = 10.0.40219.1
Project("{FAE04EC0-301F-11D3-BF4B-00C04F79EFBC}") = "ZeroHunger", "ZeroHunger\ZeroHunger.csproj", "{561308EC-3E0F-43C4-B54C-CDB0395DA33E}"
EndProject
Global
	GlobalSection(SolutionConfigurationPlatforms) = preSolution
		Debug|Any CPU = Debug|Any CPU
		Release|Any CPU = Release|Any CPU
	EndGlobalSection
	GlobalSection(ProjectConfigurationPlatforms) = postSolution
		{561308EC-3E0F-43C4-B54C-CDB0395DA33E}.Debug|Any CPU.ActiveCfg = Debug|Any CPU
		{561308EC-3E0F-43C4-B54C-CDB0395DA33E}.Debug|Any CPU.Build.0 = Debug|Any CPU
		{561308EC-3E0F-43C4-B54C-CDB0395DA33E}.Release|Any CPU.ActiveCfg = Release|Any CPU
		{561308EC-3E0F-43C4-B54C-CDB0395DA33E}.Release|Any CPU.Build.0 = Release|Any CPU
	EndGlobalSection
	GlobalSection(SolutionProperties) = preSolution
		HideSolutionNode = FALSE
	EndGlobalSection
	GlobalSection(ExtensibilityGlobals) = postSolution
		SolutionGuid = {8FC3B62B-2A99-4090-9B13-CE45E46C4BCA}
	EndGlobalSection
EndGlobal
